
Microsoft Visual Studio Solution File, Format Version 12.00
# Visual Studio Version 17
VisualStudioVersion = 17.0.31903.59
MinimumVisualStudioVersion = 10.0.40219.1
Project("{FAE04EC0-301F-11D3-BF4B-00C04F79EFBC}") = "FastChess.Library", "FastChess.Library\FastChess.Library.csproj", "{CFDFD735-456C-4CE8-939A-F25842F72C68}"
EndProject
Project("{FAE04EC0-301F-11D3-BF4B-00C04F79EFBC}") = "FastChess.Console", "FastChess.Console\FastChess.Console.csproj", "{BA004E17-C2CD-4A95-86F1-7960A5968D88}"
EndProject
Project("{FAE04EC0-301F-11D3-BF4B-00C04F79EFBC}") = "FastChess.Magic", "FastChess.Magic\FastChess.Magic.csproj", "{408834D8-BEAC-4468-895D-211BCA803FEB}"
EndProject
Project("{FAE04EC0-301F-11D3-BF4B-00C04F79EFBC}") = "FastChess.Tests", "FastChess.Tests\FastChess.Tests.csproj", "{A6BBA4B2-2E6E-4E72-9E34-66379F91F4F6}"
EndProject
Global
	GlobalSection(SolutionConfigurationPlatforms) = preSolution
		Debug|Any CPU = Debug|Any CPU
		Release|Any CPU = Release|Any CPU
	EndGlobalSection
	GlobalSection(SolutionProperties) = preSolution
		HideSolutionNode = FALSE
	EndGlobalSection
	GlobalSection(ProjectConfigurationPlatforms) = postSolution
		{CFDFD735-456C-4CE8-939A-F25842F72C68}.Debug|Any CPU.ActiveCfg = Debug|Any CPU
		{CFDFD735-456C-4CE8-939A-F25842F72C68}.Debug|Any CPU.Build.0 = Debug|Any CPU
		{CFDFD735-456C-4CE8-939A-F25842F72C68}.Release|Any CPU.ActiveCfg = Release|Any CPU
		{CFDFD735-456C-4CE8-939A-F25842F72C68}.Release|Any CPU.Build.0 = Release|Any CPU
		{BA004E17-C2CD-4A95-86F1-7960A5968D88}.Debug|Any CPU.ActiveCfg = Debug|Any CPU
		{BA004E17-C2CD-4A95-86F1-7960A5968D88}.Debug|Any CPU.Build.0 = Debug|Any CPU
		{BA004E17-C2CD-4A95-86F1-7960A5968D88}.Release|Any CPU.ActiveCfg = Release|Any CPU
		{BA004E17-C2CD-4A95-86F1-7960A5968D88}.Release|Any CPU.Build.0 = Release|Any CPU
		{408834D8-BEAC-4468-895D-211BCA803FEB}.Debug|Any CPU.ActiveCfg = Debug|Any CPU
		{408834D8-BEAC-4468-895D-211BCA803FEB}.Debug|Any CPU.Build.0 = Debug|Any CPU
		{408834D8-BEAC-4468-895D-211BCA803FEB}.Release|Any CPU.ActiveCfg = Release|Any CPU
		{408834D8-BEAC-4468-895D-211BCA803FEB}.Release|Any CPU.Build.0 = Release|Any CPU
		{A6BBA4B2-2E6E-4E72-9E34-66379F91F4F6}.Debug|Any CPU.ActiveCfg = Debug|Any CPU
		{A6BBA4B2-2E6E-4E72-9E34-66379F91F4F6}.Debug|Any CPU.Build.0 = Debug|Any CPU
		{A6BBA4B2-2E6E-4E72-9E34-66379F91F4F6}.Release|Any CPU.ActiveCfg = Release|Any CPU
		{A6BBA4B2-2E6E-4E72-9E34-66379F91F4F6}.Release|Any CPU.Build.0 = Release|Any CPU
	EndGlobalSection
EndGlobal
